
Microsoft Visual Studio Solution File, Format Version 12.00
# Visual Studio Version 17
VisualStudioVersion = 17.14.36518.9 d17.14
MinimumVisualStudioVersion = 10.0.40219.1
Project("{FAE04EC0-301F-11D3-BF4B-00C04F79EFBC}") = "API_MOVIE", "API_MOVIE\API_MOVIE.csproj", "{B221158E-7DA9-4736-B0D5-224838D8929D}"
EndProject
Global
	GlobalSection(SolutionConfigurationPlatforms) = preSolution
		Debug|Any CPU = Debug|Any CPU
		Release|Any CPU = Release|Any CPU
	EndGlobalSection
	GlobalSection(ProjectConfigurationPlatforms) = postSolution
		{B221158E-7DA9-4736-B0D5-224838D8929D}.Debug|Any CPU.ActiveCfg = Debug|Any CPU
		{B221158E-7DA9-4736-B0D5-224838D8929D}.Debug|Any CPU.Build.0 = Debug|Any CPU
		{B221158E-7DA9-4736-B0D5-224838D8929D}.Release|Any CPU.ActiveCfg = Release|Any CPU
		{B221158E-7DA9-4736-B0D5-224838D8929D}.Release|Any CPU.Build.0 = Release|Any CPU
	EndGlobalSection
	GlobalSection(SolutionProperties) = preSolution
		HideSolutionNode = FALSE
	EndGlobalSection
	GlobalSection(ExtensibilityGlobals) = postSolution
		SolutionGuid = {B1FF9869-AD26-4717-B356-9ABB9B5F4086}
	EndGlobalSection
EndGlobal
